
Microsoft Visual Studio Solution File, Format Version 12.00
# Visual Studio Version 16
VisualStudioVersion = 16.0.31729.503
MinimumVisualStudioVersion = 10.0.40219.1
Project("{FAE04EC0-301F-11D3-BF4B-00C04F79EFBC}") = "MultiplosDeTres", "MultiplosDeTres\MultiplosDeTres.csproj", "{A200FB5C-A7CD-4FA2-A6F8-ECD30AE86885}"
EndProject
Project("{FAE04EC0-301F-11D3-BF4B-00C04F79EFBC}") = "Fatorial", "Fatorial\Fatorial.csproj", "{A895540C-918B-4C53-9BA1-9F5EFED82752}"
EndProject
Global
	GlobalSection(SolutionConfigurationPlatforms) = preSolution
		Debug|Any CPU = Debug|Any CPU
		Release|Any CPU = Release|Any CPU
	EndGlobalSection
	GlobalSection(ProjectConfigurationPlatforms) = postSolution
		{A200FB5C-A7CD-4FA2-A6F8-ECD30AE86885}.Debug|Any CPU.ActiveCfg = Debug|Any CPU
		{A200FB5C-A7CD-4FA2-A6F8-ECD30AE86885}.Debug|Any CPU.Build.0 = Debug|Any CPU
		{A200FB5C-A7CD-4FA2-A6F8-ECD30AE86885}.Release|Any CPU.ActiveCfg = Release|Any CPU
		{A200FB5C-A7CD-4FA2-A6F8-ECD30AE86885}.Release|Any CPU.Build.0 = Release|Any CPU
		{A895540C-918B-4C53-9BA1-9F5EFED82752}.Debug|Any CPU.ActiveCfg = Debug|Any CPU
		{A895540C-918B-4C53-9BA1-9F5EFED82752}.Debug|Any CPU.Build.0 = Debug|Any CPU
		{A895540C-918B-4C53-9BA1-9F5EFED82752}.Release|Any CPU.ActiveCfg = Release|Any CPU
		{A895540C-918B-4C53-9BA1-9F5EFED82752}.Release|Any CPU.Build.0 = Release|Any CPU
	EndGlobalSection
	GlobalSection(SolutionProperties) = preSolution
		HideSolutionNode = FALSE
	EndGlobalSection
	GlobalSection(ExtensibilityGlobals) = postSolution
		SolutionGuid = {C69AAD7C-5A82-455D-9D40-C3E749DA028D}
	EndGlobalSection
EndGlobal
